
Microsoft Visual Studio Solution File, Format Version 12.00
# Visual Studio Version 17
VisualStudioVersion = 17.1.32210.238
MinimumVisualStudioVersion = 10.0.40219.1
Project("{8BC9CEB8-8B4A-11D0-8D11-00A0C91BC942}") = "imageprocess_20211417", "imageprocess_20211417\imageprocess_20211417.vcxproj", "{D2E950FA-878D-4FD0-BA92-DD9B84CF9522}"
EndProject
Project("{8BC9CEB8-8B4A-11D0-8D11-00A0C91BC942}") = "ImagePro", "ImagePro\ImagePro.vcxproj", "{01F9D332-14A8-4F7D-847B-B63ED1910A3C}"
EndProject
Global
	GlobalSection(SolutionConfigurationPlatforms) = preSolution
		Debug|x64 = Debug|x64
		Debug|x86 = Debug|x86
		Release|x64 = Release|x64
		Release|x86 = Release|x86
	EndGlobalSection
	GlobalSection(ProjectConfigurationPlatforms) = postSolution
		{D2E950FA-878D-4FD0-BA92-DD9B84CF9522}.Debug|x64.ActiveCfg = Debug|x64
		{D2E950FA-878D-4FD0-BA92-DD9B84CF9522}.Debug|x64.Build.0 = Debug|x64
		{D2E950FA-878D-4FD0-BA92-DD9B84CF9522}.Debug|x86.ActiveCfg = Debug|Win32
		{D2E950FA-878D-4FD0-BA92-DD9B84CF9522}.Debug|x86.Build.0 = Debug|Win32
		{D2E950FA-878D-4FD0-BA92-DD9B84CF9522}.Release|x64.ActiveCfg = Release|x64
		{D2E950FA-878D-4FD0-BA92-DD9B84CF9522}.Release|x64.Build.0 = Release|x64
		{D2E950FA-878D-4FD0-BA92-DD9B84CF9522}.Release|x86.ActiveCfg = Release|Win32
		{D2E950FA-878D-4FD0-BA92-DD9B84CF9522}.Release|x86.Build.0 = Release|Win32
		{01F9D332-14A8-4F7D-847B-B63ED1910A3C}.Debug|x64.ActiveCfg = Debug|x64
		{01F9D332-14A8-4F7D-847B-B63ED1910A3C}.Debug|x64.Build.0 = Debug|x64
		{01F9D332-14A8-4F7D-847B-B63ED1910A3C}.Debug|x86.ActiveCfg = Debug|Win32
		{01F9D332-14A8-4F7D-847B-B63ED1910A3C}.Debug|x86.Build.0 = Debug|Win32
		{01F9D332-14A8-4F7D-847B-B63ED1910A3C}.Release|x64.ActiveCfg = Release|x64
		{01F9D332-14A8-4F7D-847B-B63ED1910A3C}.Release|x64.Build.0 = Release|x64
		{01F9D332-14A8-4F7D-847B-B63ED1910A3C}.Release|x86.ActiveCfg = Release|Win32
		{01F9D332-14A8-4F7D-847B-B63ED1910A3C}.Release|x86.Build.0 = Release|Win32
	EndGlobalSection
	GlobalSection(SolutionProperties) = preSolution
		HideSolutionNode = FALSE
	EndGlobalSection
	GlobalSection(ExtensibilityGlobals) = postSolution
		SolutionGuid = {7E42038A-063F-4952-8026-EB5DE52E9062}
	EndGlobalSection
EndGlobal
